// !$*UTF8*$!
{
	archiveVersion = 1;
	classes = {
	};
	objectVersion = 46;
	objects = {

/* Begin PBXBuildFile section */
		A8C6E6171F654E8700030008 /* JHCopyViewController.m in Sources */ = {isa = PBXBuildFile; fileRef = A8C6E6161F654E8700030008 /* JHCopyViewController.m */; };
		A8C6E61A1F6564DA00030008 /* Person.m in Sources */ = {isa = PBXBuildFile; fileRef = A8C6E6191F6564DA00030008 /* Person.m */; };
		A8C6E61D1F6566A600030008 /* Person1.m in Sources */ = {isa = PBXBuildFile; fileRef = A8C6E61C1F6566A600030008 /* Person1.m */; };
		A8C6E6211F658F8D00030008 /* LoadClassA.m in Sources */ = {isa = PBXBuildFile; fileRef = A8C6E6201F658F8D00030008 /* LoadClassA.m */; };
		A8C6E6241F658F9A00030008 /* LoadClassB.m in Sources */ = {isa = PBXBuildFile; fileRef = A8C6E6231F658F9A00030008 /* LoadClassB.m */; };
		A8C6E6271F65907800030008 /* LoadClassA+LoadClassACategory.m in Sources */ = {isa = PBXBuildFile; fileRef = A8C6E6261F65907800030008 /* LoadClassA+LoadClassACategory.m */; };
		A8C6E62A1F65951700030008 /* LoadBaseClass.m in Sources */ = {isa = PBXBuildFile; fileRef = A8C6E6291F65951700030008 /* LoadBaseClass.m */; };
		A8C6E62F1F65969E00030008 /* InitializeBaseClass.m in Sources */ = {isa = PBXBuildFile; fileRef = A8C6E62E1F65969E00030008 /* InitializeBaseClass.m */; };
		A8C6E6321F6596FF00030008 /* InitializeClassA.m in Sources */ = {isa = PBXBuildFile; fileRef = A8C6E6311F6596FF00030008 /* InitializeClassA.m */; };
		EF5853511F4D8CBF0080C6DB /* main.m in Sources */ = {isa = PBXBuildFile; fileRef = EF5853501F4D8CBF0080C6DB /* main.m */; };
		EF5853541F4D8CBF0080C6DB /* AppDelegate.m in Sources */ = {isa = PBXBuildFile; fileRef = EF5853531F4D8CBF0080C6DB /* AppDelegate.m */; };
		EF5853571F4D8CBF0080C6DB /* ViewController.m in Sources */ = {isa = PBXBuildFile; fileRef = EF5853561F4D8CBF0080C6DB /* ViewController.m */; };
		EF58535A1F4D8CBF0080C6DB /* Main.storyboard in Resources */ = {isa = PBXBuildFile; fileRef = EF5853581F4D8CBF0080C6DB /* Main.storyboard */; };
		EF58535C1F4D8CBF0080C6DB /* Assets.xcassets in Resources */ = {isa = PBXBuildFile; fileRef = EF58535B1F4D8CBF0080C6DB /* Assets.xcassets */; };
		EF58535F1F4D8CBF0080C6DB /* LaunchScreen.storyboard in Resources */ = {isa = PBXBuildFile; fileRef = EF58535D1F4D8CBF0080C6DB /* LaunchScreen.storyboard */; };
		EF58536A1F4D8CBF0080C6DB /* JHInterviewTests.m in Sources */ = {isa = PBXBuildFile; fileRef = EF5853691F4D8CBF0080C6DB /* JHInterviewTests.m */; };
		EF5853751F4D8CBF0080C6DB /* JHInterviewUITests.m in Sources */ = {isa = PBXBuildFile; fileRef = EF5853741F4D8CBF0080C6DB /* JHInterviewUITests.m */; };
		EF5853881F4D8E620080C6DB /* StrongWeakDanceViewController.m in Sources */ = {isa = PBXBuildFile; fileRef = EF5853871F4D8E620080C6DB /* StrongWeakDanceViewController.m */; };
		EF5853951F4EAC740080C6DB /* VCLifeViewController.m in Sources */ = {isa = PBXBuildFile; fileRef = EF5853941F4EAC740080C6DB /* VCLifeViewController.m */; };
		EF58539B1F4EAFC70080C6DB /* LifeView.m in Sources */ = {isa = PBXBuildFile; fileRef = EF58539A1F4EAFC70080C6DB /* LifeView.m */; };
		EF58539F1F4EAFE40080C6DB /* VCLifeXibViewController.m in Sources */ = {isa = PBXBuildFile; fileRef = EF58539D1F4EAFE40080C6DB /* VCLifeXibViewController.m */; };
		EF5853A01F4EAFE40080C6DB /* VCLifeXibViewController.xib in Resources */ = {isa = PBXBuildFile; fileRef = EF58539E1F4EAFE40080C6DB /* VCLifeXibViewController.xib */; };
		EF5853A31F4EB5410080C6DB /* JHCollectionViewCell.m in Sources */ = {isa = PBXBuildFile; fileRef = EF5853A21F4EB5410080C6DB /* JHCollectionViewCell.m */; };
		EF5853AA1F4F0FFD0080C6DB /* GCDViewController.m in Sources */ = {isa = PBXBuildFile; fileRef = EF5853A91F4F0FFD0080C6DB /* GCDViewController.m */; };
		EF5853AE1F4F14530080C6DB /* AlgorithmViewController.m in Sources */ = {isa = PBXBuildFile; fileRef = EF5853AD1F4F14530080C6DB /* AlgorithmViewController.m */; };
		EF5853BE1F512C800080C6DB /* LinkListViewController.m in Sources */ = {isa = PBXBuildFile; fileRef = EF5853BD1F512C800080C6DB /* LinkListViewController.m */; };
/* End PBXBuildFile section */

/* Begin PBXContainerItemProxy section */
		EF5853661F4D8CBF0080C6DB /* PBXContainerItemProxy */ = {
			isa = PBXContainerItemProxy;
			containerPortal = EF5853441F4D8CBF0080C6DB /* Project object */;
			proxyType = 1;
			remoteGlobalIDString = EF58534B1F4D8CBF0080C6DB;
			remoteInfo = JHInterview;
		};
		EF5853711F4D8CBF0080C6DB /* PBXContainerItemProxy */ = {
			isa = PBXContainerItemProxy;
			containerPortal = EF5853441F4D8CBF0080C6DB /* Project object */;
			proxyType = 1;
			remoteGlobalIDString = EF58534B1F4D8CBF0080C6DB;
			remoteInfo = JHInterview;
		};
/* End PBXContainerItemProxy section */

/* Begin PBXFileReference section */
		A8C6E6151F654E8700030008 /* JHCopyViewController.h */ = {isa = PBXFileReference; fileEncoding = 4; lastKnownFileType = sourcecode.c.h; path = JHCopyViewController.h; sourceTree = "<group>"; };
		A8C6E6161F654E8700030008 /* JHCopyViewController.m */ = {isa = PBXFileReference; fileEncoding = 4; lastKnownFileType = sourcecode.c.objc; path = JHCopyViewController.m; sourceTree = "<group>"; };
		A8C6E6181F6564DA00030008 /* Person.h */ = {isa = PBXFileReference; fileEncoding = 4; lastKnownFileType = sourcecode.c.h; path = Person.h; sourceTree = "<group>"; };
		A8C6E6191F6564DA00030008 /* Person.m */ = {isa = PBXFileReference; fileEncoding = 4; lastKnownFileType = sourcecode.c.objc; path = Person.m; sourceTree = "<group>"; };
		A8C6E61B1F6566A600030008 /* Person1.h */ = {isa = PBXFileReference; fileEncoding = 4; lastKnownFileType = sourcecode.c.h; path = Person1.h; sourceTree = "<group>"; };
		A8C6E61C1F6566A600030008 /* Person1.m */ = {isa = PBXFileReference; fileEncoding = 4; lastKnownFileType = sourcecode.c.objc; path = Person1.m; sourceTree = "<group>"; };
		A8C6E61F1F658F8D00030008 /* LoadClassA.h */ = {isa = PBXFileReference; fileEncoding = 4; lastKnownFileType = sourcecode.c.h; path = LoadClassA.h; sourceTree = "<group>"; };
		A8C6E6201F658F8D00030008 /* LoadClassA.m */ = {isa = PBXFileReference; fileEncoding = 4; lastKnownFileType = sourcecode.c.objc; path = LoadClassA.m; sourceTree = "<group>"; };
		A8C6E6221F658F9A00030008 /* LoadClassB.h */ = {isa = PBXFileReference; fileEncoding = 4; lastKnownFileType = sourcecode.c.h; path = LoadClassB.h; sourceTree = "<group>"; };
		A8C6E6231F658F9A00030008 /* LoadClassB.m */ = {isa = PBXFileReference; fileEncoding = 4; lastKnownFileType = sourcecode.c.objc; path = LoadClassB.m; sourceTree = "<group>"; };
		A8C6E6251F65907800030008 /* LoadClassA+LoadClassACategory.h */ = {isa = PBXFileReference; fileEncoding = 4; lastKnownFileType = sourcecode.c.h; path = "LoadClassA+LoadClassACategory.h"; sourceTree = "<group>"; };
		A8C6E6261F65907800030008 /* LoadClassA+LoadClassACategory.m */ = {isa = PBXFileReference; fileEncoding = 4; lastKnownFileType = sourcecode.c.objc; path = "LoadClassA+LoadClassACategory.m"; sourceTree = "<group>"; };
		A8C6E6281F65951700030008 /* LoadBaseClass.h */ = {isa = PBXFileReference; fileEncoding = 4; lastKnownFileType = sourcecode.c.h; path = LoadBaseClass.h; sourceTree = "<group>"; };
		A8C6E6291F65951700030008 /* LoadBaseClass.m */ = {isa = PBXFileReference; fileEncoding = 4; lastKnownFileType = sourcecode.c.objc; path = LoadBaseClass.m; sourceTree = "<group>"; };
		A8C6E62D1F65969E00030008 /* InitializeBaseClass.h */ = {isa = PBXFileReference; fileEncoding = 4; lastKnownFileType = sourcecode.c.h; path = InitializeBaseClass.h; sourceTree = "<group>"; };
		A8C6E62E1F65969E00030008 /* InitializeBaseClass.m */ = {isa = PBXFileReference; fileEncoding = 4; lastKnownFileType = sourcecode.c.objc; path = InitializeBaseClass.m; sourceTree = "<group>"; };
		A8C6E6301F6596FF00030008 /* InitializeClassA.h */ = {isa = PBXFileReference; fileEncoding = 4; lastKnownFileType = sourcecode.c.h; path = InitializeClassA.h; sourceTree = "<group>"; };
		A8C6E6311F6596FF00030008 /* InitializeClassA.m */ = {isa = PBXFileReference; fileEncoding = 4; lastKnownFileType = sourcecode.c.objc; path = InitializeClassA.m; sourceTree = "<group>"; };
		EF58534C1F4D8CBF0080C6DB /* JHInterview.app */ = {isa = PBXFileReference; explicitFileType = wrapper.application; includeInIndex = 0; path = JHInterview.app; sourceTree = BUILT_PRODUCTS_DIR; };
		EF5853501F4D8CBF0080C6DB /* main.m */ = {isa = PBXFileReference; lastKnownFileType = sourcecode.c.objc; path = main.m; sourceTree = "<group>"; };
		EF5853521F4D8CBF0080C6DB /* AppDelegate.h */ = {isa = PBXFileReference; lastKnownFileType = sourcecode.c.h; path = AppDelegate.h; sourceTree = "<group>"; };
		EF5853531F4D8CBF0080C6DB /* AppDelegate.m */ = {isa = PBXFileReference; lastKnownFileType = sourcecode.c.objc; path = AppDelegate.m; sourceTree = "<group>"; };
		EF5853551F4D8CBF0080C6DB /* ViewController.h */ = {isa = PBXFileReference; lastKnownFileType = sourcecode.c.h; path = ViewController.h; sourceTree = "<group>"; };
		EF5853561F4D8CBF0080C6DB /* ViewController.m */ = {isa = PBXFileReference; lastKnownFileType = sourcecode.c.objc; path = ViewController.m; sourceTree = "<group>"; };
		EF5853591F4D8CBF0080C6DB /* Base */ = {isa = PBXFileReference; lastKnownFileType = file.storyboard; name = Base; path = Base.lproj/Main.storyboard; sourceTree = "<group>"; };
		EF58535B1F4D8CBF0080C6DB /* Assets.xcassets */ = {isa = PBXFileReference; lastKnownFileType = folder.assetcatalog; path = Assets.xcassets; sourceTree = "<group>"; };
		EF58535E1F4D8CBF0080C6DB /* Base */ = {isa = PBXFileReference; lastKnownFileType = file.storyboard; name = Base; path = Base.lproj/LaunchScreen.storyboard; sourceTree = "<group>"; };
		EF5853601F4D8CBF0080C6DB /* Info.plist */ = {isa = PBXFileReference; lastKnownFileType = text.plist.xml; path = Info.plist; sourceTree = "<group>"; };
		EF5853651F4D8CBF0080C6DB /* JHInterviewTests.xctest */ = {isa = PBXFileReference; explicitFileType = wrapper.cfbundle; includeInIndex = 0; path = JHInterviewTests.xctest; sourceTree = BUILT_PRODUCTS_DIR; };
		EF5853691F4D8CBF0080C6DB /* JHInterviewTests.m */ = {isa = PBXFileReference; lastKnownFileType = sourcecode.c.objc; path = JHInterviewTests.m; sourceTree = "<group>"; };
		EF58536B1F4D8CBF0080C6DB /* Info.plist */ = {isa = PBXFileReference; lastKnownFileType = text.plist.xml; path = Info.plist; sourceTree = "<group>"; };
		EF5853701F4D8CBF0080C6DB /* JHInterviewUITests.xctest */ = {isa = PBXFileReference; explicitFileType = wrapper.cfbundle; includeInIndex = 0; path = JHInterviewUITests.xctest; sourceTree = BUILT_PRODUCTS_DIR; };
		EF5853741F4D8CBF0080C6DB /* JHInterviewUITests.m */ = {isa = PBXFileReference; lastKnownFileType = sourcecode.c.objc; path = JHInterviewUITests.m; sourceTree = "<group>"; };
		EF5853761F4D8CBF0080C6DB /* Info.plist */ = {isa = PBXFileReference; lastKnownFileType = text.plist.xml; path = Info.plist; sourceTree = "<group>"; };
		EF5853861F4D8E620080C6DB /* StrongWeakDanceViewController.h */ = {isa = PBXFileReference; fileEncoding = 4; lastKnownFileType = sourcecode.c.h; path = StrongWeakDanceViewController.h; sourceTree = "<group>"; };
		EF5853871F4D8E620080C6DB /* StrongWeakDanceViewController.m */ = {isa = PBXFileReference; fileEncoding = 4; lastKnownFileType = sourcecode.c.objc; path = StrongWeakDanceViewController.m; sourceTree = "<group>"; };
		EF5853931F4EAC740080C6DB /* VCLifeViewController.h */ = {isa = PBXFileReference; fileEncoding = 4; lastKnownFileType = sourcecode.c.h; path = VCLifeViewController.h; sourceTree = "<group>"; };
		EF5853941F4EAC740080C6DB /* VCLifeViewController.m */ = {isa = PBXFileReference; fileEncoding = 4; lastKnownFileType = sourcecode.c.objc; path = VCLifeViewController.m; sourceTree = "<group>"; };
		EF5853991F4EAFC70080C6DB /* LifeView.h */ = {isa = PBXFileReference; fileEncoding = 4; lastKnownFileType = sourcecode.c.h; path = LifeView.h; sourceTree = "<group>"; };
		EF58539A1F4EAFC70080C6DB /* LifeView.m */ = {isa = PBXFileReference; fileEncoding = 4; lastKnownFileType = sourcecode.c.objc; path = LifeView.m; sourceTree = "<group>"; };
		EF58539C1F4EAFE40080C6DB /* VCLifeXibViewController.h */ = {isa = PBXFileReference; fileEncoding = 4; lastKnownFileType = sourcecode.c.h; path = VCLifeXibViewController.h; sourceTree = "<group>"; };
		EF58539D1F4EAFE40080C6DB /* VCLifeXibViewController.m */ = {isa = PBXFileReference; fileEncoding = 4; lastKnownFileType = sourcecode.c.objc; path = VCLifeXibViewController.m; sourceTree = "<group>"; };
		EF58539E1F4EAFE40080C6DB /* VCLifeXibViewController.xib */ = {isa = PBXFileReference; fileEncoding = 4; lastKnownFileType = file.xib; path = VCLifeXibViewController.xib; sourceTree = "<group>"; };
		EF5853A11F4EB5410080C6DB /* JHCollectionViewCell.h */ = {isa = PBXFileReference; fileEncoding = 4; lastKnownFileType = sourcecode.c.h; path = JHCollectionViewCell.h; sourceTree = "<group>"; };
		EF5853A21F4EB5410080C6DB /* JHCollectionViewCell.m */ = {isa = PBXFileReference; fileEncoding = 4; lastKnownFileType = sourcecode.c.objc; path = JHCollectionViewCell.m; sourceTree = "<group>"; };
		EF5853A81F4F0FFD0080C6DB /* GCDViewController.h */ = {isa = PBXFileReference; fileEncoding = 4; lastKnownFileType = sourcecode.c.h; path = GCDViewController.h; sourceTree = "<group>"; };
		EF5853A91F4F0FFD0080C6DB /* GCDViewController.m */ = {isa = PBXFileReference; fileEncoding = 4; lastKnownFileType = sourcecode.c.objc; path = GCDViewController.m; sourceTree = "<group>"; };
		EF5853AC1F4F14530080C6DB /* AlgorithmViewController.h */ = {isa = PBXFileReference; fileEncoding = 4; lastKnownFileType = sourcecode.c.h; path = AlgorithmViewController.h; sourceTree = "<group>"; };
		EF5853AD1F4F14530080C6DB /* AlgorithmViewController.m */ = {isa = PBXFileReference; fileEncoding = 4; lastKnownFileType = sourcecode.c.objc; path = AlgorithmViewController.m; sourceTree = "<group>"; };
		EF5853BC1F512C800080C6DB /* LinkListViewController.h */ = {isa = PBXFileReference; fileEncoding = 4; lastKnownFileType = sourcecode.c.h; path = LinkListViewController.h; sourceTree = "<group>"; };
		EF5853BD1F512C800080C6DB /* LinkListViewController.m */ = {isa = PBXFileReference; fileEncoding = 4; lastKnownFileType = sourcecode.c.objc; path = LinkListViewController.m; sourceTree = "<group>"; };
/* End PBXFileReference section */

/* Begin PBXFrameworksBuildPhase section */
		EF5853491F4D8CBF0080C6DB /* Frameworks */ = {
			isa = PBXFrameworksBuildPhase;
			buildActionMask = 2147483647;
			files = (
			);
			runOnlyForDeploymentPostprocessing = 0;
		};
		EF5853621F4D8CBF0080C6DB /* Frameworks */ = {
			isa = PBXFrameworksBuildPhase;
			buildActionMask = 2147483647;
			files = (
			);
			runOnlyForDeploymentPostprocessing = 0;
		};
		EF58536D1F4D8CBF0080C6DB /* Frameworks */ = {
			isa = PBXFrameworksBuildPhase;
			buildActionMask = 2147483647;
			files = (
			);
			runOnlyForDeploymentPostprocessing = 0;
		};
/* End PBXFrameworksBuildPhase section */

/* Begin PBXGroup section */
		A8C6E6141F654E1D00030008 /* copy的坑 */ = {
			isa = PBXGroup;
			children = (
				A8C6E6151F654E8700030008 /* JHCopyViewController.h */,
				A8C6E6161F654E8700030008 /* JHCopyViewController.m */,
				A8C6E6181F6564DA00030008 /* Person.h */,
				A8C6E6191F6564DA00030008 /* Person.m */,
				A8C6E61B1F6566A600030008 /* Person1.h */,
				A8C6E61C1F6566A600030008 /* Person1.m */,
			);
			name = "copy的坑";
			sourceTree = "<group>";
		};
		A8C6E61E1F65820700030008 /* load和initialize */ = {
			isa = PBXGroup;
			children = (
				A8C6E62C1F65966000030008 /* initialize */,
				A8C6E62B1F65964C00030008 /* load */,
			);
			name = "load和initialize";
			sourceTree = "<group>";
		};
		A8C6E62B1F65964C00030008 /* load */ = {
			isa = PBXGroup;
			children = (
				A8C6E6281F65951700030008 /* LoadBaseClass.h */,
				A8C6E6291F65951700030008 /* LoadBaseClass.m */,
				A8C6E61F1F658F8D00030008 /* LoadClassA.h */,
				A8C6E6201F658F8D00030008 /* LoadClassA.m */,
				A8C6E6251F65907800030008 /* LoadClassA+LoadClassACategory.h */,
				A8C6E6261F65907800030008 /* LoadClassA+LoadClassACategory.m */,
				A8C6E6221F658F9A00030008 /* LoadClassB.h */,
				A8C6E6231F658F9A00030008 /* LoadClassB.m */,
			);
			name = load;
			sourceTree = "<group>";
		};
		A8C6E62C1F65966000030008 /* initialize */ = {
			isa = PBXGroup;
			children = (
				A8C6E62D1F65969E00030008 /* InitializeBaseClass.h */,
				A8C6E62E1F65969E00030008 /* InitializeBaseClass.m */,
				A8C6E6301F6596FF00030008 /* InitializeClassA.h */,
				A8C6E6311F6596FF00030008 /* InitializeClassA.m */,
			);
			name = initialize;
			sourceTree = "<group>";
		};
		EF5853431F4D8CBF0080C6DB = {
			isa = PBXGroup;
			children = (
				EF58534E1F4D8CBF0080C6DB /* JHInterview */,
				EF5853681F4D8CBF0080C6DB /* JHInterviewTests */,
				EF5853731F4D8CBF0080C6DB /* JHInterviewUITests */,
				EF58534D1F4D8CBF0080C6DB /* Products */,
			);
			sourceTree = "<group>";
		};
		EF58534D1F4D8CBF0080C6DB /* Products */ = {
			isa = PBXGroup;
			children = (
				EF58534C1F4D8CBF0080C6DB /* JHInterview.app */,
				EF5853651F4D8CBF0080C6DB /* JHInterviewTests.xctest */,
				EF5853701F4D8CBF0080C6DB /* JHInterviewUITests.xctest */,
			);
			name = Products;
			sourceTree = "<group>";
		};
		EF58534E1F4D8CBF0080C6DB /* JHInterview */ = {
			isa = PBXGroup;
			children = (
				EF5853521F4D8CBF0080C6DB /* AppDelegate.h */,
				EF5853531F4D8CBF0080C6DB /* AppDelegate.m */,
				EF5853551F4D8CBF0080C6DB /* ViewController.h */,
				EF5853561F4D8CBF0080C6DB /* ViewController.m */,
				EF5853A11F4EB5410080C6DB /* JHCollectionViewCell.h */,
				EF5853A21F4EB5410080C6DB /* JHCollectionViewCell.m */,
				A8C6E61E1F65820700030008 /* load和initialize */,
				A8C6E6141F654E1D00030008 /* copy的坑 */,
				EF5853AB1F4F14180080C6DB /* 算法 */,
				EF5853921F4EAB540080C6DB /* ViewController生命周期 */,
				EF5853891F4D8E750080C6DB /* GCD */,
				EF5853821F4D8CD80080C6DB /* Block */,
				EF5853581F4D8CBF0080C6DB /* Main.storyboard */,
				EF58535B1F4D8CBF0080C6DB /* Assets.xcassets */,
				EF58535D1F4D8CBF0080C6DB /* LaunchScreen.storyboard */,
				EF5853601F4D8CBF0080C6DB /* Info.plist */,
				EF58534F1F4D8CBF0080C6DB /* Supporting Files */,
			);
			path = JHInterview;
			sourceTree = "<group>";
		};
		EF58534F1F4D8CBF0080C6DB /* Supporting Files */ = {
			isa = PBXGroup;
			children = (
				EF5853501F4D8CBF0080C6DB /* main.m */,
			);
			name = "Supporting Files";
			sourceTree = "<group>";
		};
		EF5853681F4D8CBF0080C6DB /* JHInterviewTests */ = {
			isa = PBXGroup;
			children = (
				EF5853691F4D8CBF0080C6DB /* JHInterviewTests.m */,
				EF58536B1F4D8CBF0080C6DB /* Info.plist */,
			);
			path = JHInterviewTests;
			sourceTree = "<group>";
		};
		EF5853731F4D8CBF0080C6DB /* JHInterviewUITests */ = {
			isa = PBXGroup;
			children = (
				EF5853741F4D8CBF0080C6DB /* JHInterviewUITests.m */,
				EF5853761F4D8CBF0080C6DB /* Info.plist */,
			);
			path = JHInterviewUITests;
			sourceTree = "<group>";
		};
		EF5853821F4D8CD80080C6DB /* Block */ = {
			isa = PBXGroup;
			children = (
				EF5853861F4D8E620080C6DB /* StrongWeakDanceViewController.h */,
				EF5853871F4D8E620080C6DB /* StrongWeakDanceViewController.m */,
			);
			name = Block;
			sourceTree = "<group>";
		};
		EF5853891F4D8E750080C6DB /* GCD */ = {
			isa = PBXGroup;
			children = (
				EF5853A81F4F0FFD0080C6DB /* GCDViewController.h */,
				EF5853A91F4F0FFD0080C6DB /* GCDViewController.m */,
			);
			name = GCD;
			sourceTree = "<group>";
		};
		EF5853921F4EAB540080C6DB /* ViewController生命周期 */ = {
			isa = PBXGroup;
			children = (
				EF5853931F4EAC740080C6DB /* VCLifeViewController.h */,
				EF5853941F4EAC740080C6DB /* VCLifeViewController.m */,
				EF5853991F4EAFC70080C6DB /* LifeView.h */,
				EF58539A1F4EAFC70080C6DB /* LifeView.m */,
				EF58539C1F4EAFE40080C6DB /* VCLifeXibViewController.h */,
				EF58539D1F4EAFE40080C6DB /* VCLifeXibViewController.m */,
				EF58539E1F4EAFE40080C6DB /* VCLifeXibViewController.xib */,
			);
			name = "ViewController生命周期";
			sourceTree = "<group>";
		};
		EF5853AB1F4F14180080C6DB /* 算法 */ = {
			isa = PBXGroup;
			children = (
				EF5853AC1F4F14530080C6DB /* AlgorithmViewController.h */,
				EF5853AD1F4F14530080C6DB /* AlgorithmViewController.m */,
				EF5853BC1F512C800080C6DB /* LinkListViewController.h */,
				EF5853BD1F512C800080C6DB /* LinkListViewController.m */,
			);
			name = "算法";
			sourceTree = "<group>";
		};
/* End PBXGroup section */

/* Begin PBXNativeTarget section */
		EF58534B1F4D8CBF0080C6DB /* JHInterview */ = {
			isa = PBXNativeTarget;
			buildConfigurationList = EF5853791F4D8CBF0080C6DB /* Build configuration list for PBXNativeTarget "JHInterview" */;
			buildPhases = (
				EF5853481F4D8CBF0080C6DB /* Sources */,
				EF5853491F4D8CBF0080C6DB /* Frameworks */,
				EF58534A1F4D8CBF0080C6DB /* Resources */,
			);
			buildRules = (
			);
			dependencies = (
			);
			name = JHInterview;
			productName = JHInterview;
			productReference = EF58534C1F4D8CBF0080C6DB /* JHInterview.app */;
			productType = "com.apple.product-type.application";
		};
		EF5853641F4D8CBF0080C6DB /* JHInterviewTests */ = {
			isa = PBXNativeTarget;
			buildConfigurationList = EF58537C1F4D8CBF0080C6DB /* Build configuration list for PBXNativeTarget "JHInterviewTests" */;
			buildPhases = (
				EF5853611F4D8CBF0080C6DB /* Sources */,
				EF5853621F4D8CBF0080C6DB /* Frameworks */,
				EF5853631F4D8CBF0080C6DB /* Resources */,
			);
			buildRules = (
			);
			dependencies = (
				EF5853671F4D8CBF0080C6DB /* PBXTargetDependency */,
			);
			name = JHInterviewTests;
			productName = JHInterviewTests;
			productReference = EF5853651F4D8CBF0080C6DB /* JHInterviewTests.xctest */;
			productType = "com.apple.product-type.bundle.unit-test";
		};
		EF58536F1F4D8CBF0080C6DB /* JHInterviewUITests */ = {
			isa = PBXNativeTarget;
			buildConfigurationList = EF58537F1F4D8CBF0080C6DB /* Build configuration list for PBXNativeTarget "JHInterviewUITests" */;
			buildPhases = (
				EF58536C1F4D8CBF0080C6DB /* Sources */,
				EF58536D1F4D8CBF0080C6DB /* Frameworks */,
				EF58536E1F4D8CBF0080C6DB /* Resources */,
			);
			buildRules = (
			);
			dependencies = (
				EF5853721F4D8CBF0080C6DB /* PBXTargetDependency */,
			);
			name = JHInterviewUITests;
			productName = JHInterviewUITests;
			productReference = EF5853701F4D8CBF0080C6DB /* JHInterviewUITests.xctest */;
			productType = "com.apple.product-type.bundle.ui-testing";
		};
/* End PBXNativeTarget section */

/* Begin PBXProject section */
		EF5853441F4D8CBF0080C6DB /* Project object */ = {
			isa = PBXProject;
			attributes = {
				LastUpgradeCheck = 0830;
				ORGANIZATIONNAME = "jinghao shen";
				TargetAttributes = {
					EF58534B1F4D8CBF0080C6DB = {
						CreatedOnToolsVersion = 8.3.3;
						ProvisioningStyle = Automatic;
					};
					EF5853641F4D8CBF0080C6DB = {
						CreatedOnToolsVersion = 8.3.3;
						DevelopmentTeam = G5SMWZ82L9;
						ProvisioningStyle = Automatic;
						TestTargetID = EF58534B1F4D8CBF0080C6DB;
					};
					EF58536F1F4D8CBF0080C6DB = {
						CreatedOnToolsVersion = 8.3.3;
						DevelopmentTeam = G5SMWZ82L9;
						ProvisioningStyle = Automatic;
						TestTargetID = EF58534B1F4D8CBF0080C6DB;
					};
				};
			};
			buildConfigurationList = EF5853471F4D8CBF0080C6DB /* Build configuration list for PBXProject "JHInterview" */;
			compatibilityVersion = "Xcode 3.2";
			developmentRegion = English;
			hasScannedForEncodings = 0;
			knownRegions = (
				en,
				Base,
			);
			mainGroup = EF5853431F4D8CBF0080C6DB;
			productRefGroup = EF58534D1F4D8CBF0080C6DB /* Products */;
			projectDirPath = "";
			projectRoot = "";
			targets = (
				EF58534B1F4D8CBF0080C6DB /* JHInterview */,
				EF5853641F4D8CBF0080C6DB /* JHInterviewTests */,
				EF58536F1F4D8CBF0080C6DB /* JHInterviewUITests */,
			);
		};
/* End PBXProject section */

/* Begin PBXResourcesBuildPhase section */
		EF58534A1F4D8CBF0080C6DB /* Resources */ = {
			isa = PBXResourcesBuildPhase;
			buildActionMask = 2147483647;
			files = (
				EF58535F1F4D8CBF0080C6DB /* LaunchScreen.storyboard in Resources */,
				EF58535C1F4D8CBF0080C6DB /* Assets.xcassets in Resources */,
				EF58535A1F4D8CBF0080C6DB /* Main.storyboard in Resources */,
				EF5853A01F4EAFE40080C6DB /* VCLifeXibViewController.xib in Resources */,
			);
			runOnlyForDeploymentPostprocessing = 0;
		};
		EF5853631F4D8CBF0080C6DB /* Resources */ = {
			isa = PBXResourcesBuildPhase;
			buildActionMask = 2147483647;
			files = (
			);
			runOnlyForDeploymentPostprocessing = 0;
		};
		EF58536E1F4D8CBF0080C6DB /* Resources */ = {
			isa = PBXResourcesBuildPhase;
			buildActionMask = 2147483647;
			files = (
			);
			runOnlyForDeploymentPostprocessing = 0;
		};
/* End PBXResourcesBuildPhase section */

/* Begin PBXSourcesBuildPhase section */
		EF5853481F4D8CBF0080C6DB /* Sources */ = {
			isa = PBXSourcesBuildPhase;
			buildActionMask = 2147483647;
			files = (
				A8C6E6211F658F8D00030008 /* LoadClassA.m in Sources */,
				EF5853571F4D8CBF0080C6DB /* ViewController.m in Sources */,
				EF5853AA1F4F0FFD0080C6DB /* GCDViewController.m in Sources */,
				EF5853881F4D8E620080C6DB /* StrongWeakDanceViewController.m in Sources */,
				EF5853A31F4EB5410080C6DB /* JHCollectionViewCell.m in Sources */,
				EF58539B1F4EAFC70080C6DB /* LifeView.m in Sources */,
				EF5853BE1F512C800080C6DB /* LinkListViewController.m in Sources */,
				A8C6E6271F65907800030008 /* LoadClassA+LoadClassACategory.m in Sources */,
				EF5853541F4D8CBF0080C6DB /* AppDelegate.m in Sources */,
				A8C6E62A1F65951700030008 /* LoadBaseClass.m in Sources */,
				EF5853AE1F4F14530080C6DB /* AlgorithmViewController.m in Sources */,
				EF5853511F4D8CBF0080C6DB /* main.m in Sources */,
				A8C6E61A1F6564DA00030008 /* Person.m in Sources */,
				A8C6E62F1F65969E00030008 /* InitializeBaseClass.m in Sources */,
				A8C6E6171F654E8700030008 /* JHCopyViewController.m in Sources */,
				EF5853951F4EAC740080C6DB /* VCLifeViewController.m in Sources */,
				A8C6E61D1F6566A600030008 /* Person1.m in Sources */,
				EF58539F1F4EAFE40080C6DB /* VCLifeXibViewController.m in Sources */,
				A8C6E6321F6596FF00030008 /* InitializeClassA.m in Sources */,
				A8C6E6241F658F9A00030008 /* LoadClassB.m in Sources */,
			);
			runOnlyForDeploymentPostprocessing = 0;
		};
		EF5853611F4D8CBF0080C6DB /* Sources */ = {
			isa = PBXSourcesBuildPhase;
			buildActionMask = 2147483647;
			files = (
				EF58536A1F4D8CBF0080C6DB /* JHInterviewTests.m in Sources */,
			);
			runOnlyForDeploymentPostprocessing = 0;
		};
		EF58536C1F4D8CBF0080C6DB /* Sources */ = {
			isa = PBXSourcesBuildPhase;
			buildActionMask = 2147483647;
			files = (
				EF5853751F4D8CBF0080C6DB /* JHInterviewUITests.m in Sources */,
			);
			runOnlyForDeploymentPostprocessing = 0;
		};
/* End PBXSourcesBuildPhase section */

/* Begin PBXTargetDependency section */
		EF5853671F4D8CBF0080C6DB /* PBXTargetDependency */ = {
			isa = PBXTargetDependency;
			target = EF58534B1F4D8CBF0080C6DB /* JHInterview */;
			targetProxy = EF5853661F4D8CBF0080C6DB /* PBXContainerItemProxy */;
		};
		EF5853721F4D8CBF0080C6DB /* PBXTargetDependency */ = {
			isa = PBXTargetDependency;
			target = EF58534B1F4D8CBF0080C6DB /* JHInterview */;
			targetProxy = EF5853711F4D8CBF0080C6DB /* PBXContainerItemProxy */;
		};
/* End PBXTargetDependency section */

/* Begin PBXVariantGroup section */
		EF5853581F4D8CBF0080C6DB /* Main.storyboard */ = {
			isa = PBXVariantGroup;
			children = (
				EF5853591F4D8CBF0080C6DB /* Base */,
			);
			name = Main.storyboard;
			sourceTree = "<group>";
		};
		EF58535D1F4D8CBF0080C6DB /* LaunchScreen.storyboard */ = {
			isa = PBXVariantGroup;
			children = (
				EF58535E1F4D8CBF0080C6DB /* Base */,
			);
			name = LaunchScreen.storyboard;
			sourceTree = "<group>";
		};
/* End PBXVariantGroup section */

/* Begin XCBuildConfiguration section */
		EF5853771F4D8CBF0080C6DB /* Debug */ = {
			isa = XCBuildConfiguration;
			buildSettings = {
				ALWAYS_SEARCH_USER_PATHS = NO;
				CLANG_ANALYZER_NONNULL = YES;
				CLANG_ANALYZER_NUMBER_OBJECT_CONVERSION = YES_AGGRESSIVE;
				CLANG_CXX_LANGUAGE_STANDARD = "gnu++0x";
				CLANG_CXX_LIBRARY = "libc++";
				CLANG_ENABLE_MODULES = YES;
				CLANG_ENABLE_OBJC_ARC = YES;
				CLANG_WARN_BOOL_CONVERSION = YES;
				CLANG_WARN_CONSTANT_CONVERSION = YES;
				CLANG_WARN_DIRECT_OBJC_ISA_USAGE = YES_ERROR;
				CLANG_WARN_DOCUMENTATION_COMMENTS = YES;
				CLANG_WARN_EMPTY_BODY = YES;
				CLANG_WARN_ENUM_CONVERSION = YES;
				CLANG_WARN_INFINITE_RECURSION = YES;
				CLANG_WARN_INT_CONVERSION = YES;
				CLANG_WARN_OBJC_ROOT_CLASS = YES_ERROR;
				CLANG_WARN_SUSPICIOUS_MOVE = YES;
				CLANG_WARN_UNREACHABLE_CODE = YES;
				CLANG_WARN__DUPLICATE_METHOD_MATCH = YES;
				"CODE_SIGN_IDENTITY[sdk=iphoneos*]" = "iPhone Developer";
				COPY_PHASE_STRIP = NO;
				DEBUG_INFORMATION_FORMAT = dwarf;
				ENABLE_STRICT_OBJC_MSGSEND = YES;
				ENABLE_TESTABILITY = YES;
				GCC_C_LANGUAGE_STANDARD = gnu99;
				GCC_DYNAMIC_NO_PIC = NO;
				GCC_NO_COMMON_BLOCKS = YES;
				GCC_OPTIMIZATION_LEVEL = 0;
				GCC_PREPROCESSOR_DEFINITIONS = (
					"DEBUG=1",
					"$(inherited)",
				);
				GCC_WARN_64_TO_32_BIT_CONVERSION = YES;
				GCC_WARN_ABOUT_RETURN_TYPE = YES_ERROR;
				GCC_WARN_UNDECLARED_SELECTOR = YES;
				GCC_WARN_UNINITIALIZED_AUTOS = YES_AGGRESSIVE;
				GCC_WARN_UNUSED_FUNCTION = YES;
				GCC_WARN_UNUSED_VARIABLE = YES;
				IPHONEOS_DEPLOYMENT_TARGET = 10.3;
				MTL_ENABLE_DEBUG_INFO = YES;
				ONLY_ACTIVE_ARCH = YES;
				SDKROOT = iphoneos;
				TARGETED_DEVICE_FAMILY = "1,2";
			};
			name = Debug;
		};
		EF5853781F4D8CBF0080C6DB /* Release */ = {
			isa = XCBuildConfiguration;
			buildSettings = {
				ALWAYS_SEARCH_USER_PATHS = NO;
				CLANG_ANALYZER_NONNULL = YES;
				CLANG_ANALYZER_NUMBER_OBJECT_CONVERSION = YES_AGGRESSIVE;
				CLANG_CXX_LANGUAGE_STANDARD = "gnu++0x";
				CLANG_CXX_LIBRARY = "libc++";
				CLANG_ENABLE_MODULES = YES;
				CLANG_ENABLE_OBJC_ARC = YES;
				CLANG_WARN_BOOL_CONVERSION = YES;
				CLANG_WARN_CONSTANT_CONVERSION = YES;
				CLANG_WARN_DIRECT_OBJC_ISA_USAGE = YES_ERROR;
				CLANG_WARN_DOCUMENTATION_COMMENTS = YES;
				CLANG_WARN_EMPTY_BODY = YES;
				CLANG_WARN_ENUM_CONVERSION = YES;
				CLANG_WARN_INFINITE_RECURSION = YES;
				CLANG_WARN_INT_CONVERSION = YES;
				CLANG_WARN_OBJC_ROOT_CLASS = YES_ERROR;
				CLANG_WARN_SUSPICIOUS_MOVE = YES;
				CLANG_WARN_UNREACHABLE_CODE = YES;
				CLANG_WARN__DUPLICATE_METHOD_MATCH = YES;
				"CODE_SIGN_IDENTITY[sdk=iphoneos*]" = "iPhone Developer";
				COPY_PHASE_STRIP = NO;
				DEBUG_INFORMATION_FORMAT = "dwarf-with-dsym";
				ENABLE_NS_ASSERTIONS = NO;
				ENABLE_STRICT_OBJC_MSGSEND = YES;
				GCC_C_LANGUAGE_STANDARD = gnu99;
				GCC_NO_COMMON_BLOCKS = YES;
				GCC_WARN_64_TO_32_BIT_CONVERSION = YES;
				GCC_WARN_ABOUT_RETURN_TYPE = YES_ERROR;
				GCC_WARN_UNDECLARED_SELECTOR = YES;
				GCC_WARN_UNINITIALIZED_AUTOS = YES_AGGRESSIVE;
				GCC_WARN_UNUSED_FUNCTION = YES;
				GCC_WARN_UNUSED_VARIABLE = YES;
				IPHONEOS_DEPLOYMENT_TARGET = 10.3;
				MTL_ENABLE_DEBUG_INFO = NO;
				SDKROOT = iphoneos;
				TARGETED_DEVICE_FAMILY = "1,2";
				VALIDATE_PRODUCT = YES;
			};
			name = Release;
		};
		EF58537A1F4D8CBF0080C6DB /* Debug */ = {
			isa = XCBuildConfiguration;
			buildSettings = {
				ASSETCATALOG_COMPILER_APPICON_NAME = AppIcon;
				DEVELOPMENT_TEAM = "";
				INFOPLIST_FILE = JHInterview/Info.plist;
				IPHONEOS_DEPLOYMENT_TARGET = 8.0;
				LD_RUNPATH_SEARCH_PATHS = "$(inherited) @executable_path/Frameworks";
				PRODUCT_BUNDLE_IDENTIFIER = jinghao.JHInterview;
				PRODUCT_NAME = "$(TARGET_NAME)";
			};
			name = Debug;
		};
		EF58537B1F4D8CBF0080C6DB /* Release */ = {
			isa = XCBuildConfiguration;
			buildSettings = {
				ASSETCATALOG_COMPILER_APPICON_NAME = AppIcon;
				DEVELOPMENT_TEAM = "";
				INFOPLIST_FILE = JHInterview/Info.plist;
				IPHONEOS_DEPLOYMENT_TARGET = 8.0;
				LD_RUNPATH_SEARCH_PATHS = "$(inherited) @executable_path/Frameworks";
				PRODUCT_BUNDLE_IDENTIFIER = jinghao.JHInterview;
				PRODUCT_NAME = "$(TARGET_NAME)";
			};
			name = Release;
		};
		EF58537D1F4D8CBF0080C6DB /* Debug */ = {
			isa = XCBuildConfiguration;
			buildSettings = {
				BUNDLE_LOADER = "$(TEST_HOST)";
				DEVELOPMENT_TEAM = G5SMWZ82L9;
				INFOPLIST_FILE = JHInterviewTests/Info.plist;
				LD_RUNPATH_SEARCH_PATHS = "$(inherited) @executable_path/Frameworks @loader_path/Frameworks";
				PRODUCT_BUNDLE_IDENTIFIER = jinghao.JHInterviewTests;
				PRODUCT_NAME = "$(TARGET_NAME)";
				TEST_HOST = "$(BUILT_PRODUCTS_DIR)/JHInterview.app/JHInterview";
			};
			name = Debug;
		};
		EF58537E1F4D8CBF0080C6DB /* Release */ = {
			isa = XCBuildConfiguration;
			buildSettings = {
				BUNDLE_LOADER = "$(TEST_HOST)";
				DEVELOPMENT_TEAM = G5SMWZ82L9;
				INFOPLIST_FILE = JHInterviewTests/Info.plist;
				LD_RUNPATH_SEARCH_PATHS = "$(inherited) @executable_path/Frameworks @loader_path/Frameworks";
				PRODUCT_BUNDLE_IDENTIFIER = jinghao.JHInterviewTests;
				PRODUCT_NAME = "$(TARGET_NAME)";
				TEST_HOST = "$(BUILT_PRODUCTS_DIR)/JHInterview.app/JHInterview";
			};
			name = Release;
		};
		EF5853801F4D8CBF0080C6DB /* Debug */ = {
			isa = XCBuildConfiguration;
			buildSettings = {
				DEVELOPMENT_TEAM = G5SMWZ82L9;
				INFOPLIST_FILE = JHInterviewUITests/Info.plist;
				LD_RUNPATH_SEARCH_PATHS = "$(inherited) @executable_path/Frameworks @loader_path/Frameworks";
				PRODUCT_BUNDLE_IDENTIFIER = jinghao.JHInterviewUITests;
				PRODUCT_NAME = "$(TARGET_NAME)";
				TEST_TARGET_NAME = JHInterview;
			};
			name = Debug;
		};
		EF5853811F4D8CBF0080C6DB /* Release */ = {
			isa = XCBuildConfiguration;
			buildSettings = {
				DEVELOPMENT_TEAM = G5SMWZ82L9;
				INFOPLIST_FILE = JHInterviewUITests/Info.plist;
				LD_RUNPATH_SEARCH_PATHS = "$(inherited) @executable_path/Frameworks @loader_path/Frameworks";
				PRODUCT_BUNDLE_IDENTIFIER = jinghao.JHInterviewUITests;
				PRODUCT_NAME = "$(TARGET_NAME)";
				TEST_TARGET_NAME = JHInterview;
			};
			name = Release;
		};
/* End XCBuildConfiguration section */

/* Begin XCConfigurationList section */
		EF5853471F4D8CBF0080C6DB /* Build configuration list for PBXProject "JHInterview" */ = {
			isa = XCConfigurationList;
			buildConfigurations = (
				EF5853771F4D8CBF0080C6DB /* Debug */,
				EF5853781F4D8CBF0080C6DB /* Release */,
			);
			defaultConfigurationIsVisible = 0;
			defaultConfigurationName = Release;
		};
		EF5853791F4D8CBF0080C6DB /* Build configuration list for PBXNativeTarget "JHInterview" */ = {
			isa = XCConfigurationList;
			buildConfigurations = (
				EF58537A1F4D8CBF0080C6DB /* Debug */,
				EF58537B1F4D8CBF0080C6DB /* Release */,
			);
			defaultConfigurationIsVisible = 0;
			defaultConfigurationName = Release;
		};
		EF58537C1F4D8CBF0080C6DB /* Build configuration list for PBXNativeTarget "JHInterviewTests" */ = {
			isa = XCConfigurationList;
			buildConfigurations = (
				EF58537D1F4D8CBF0080C6DB /* Debug */,
				EF58537E1F4D8CBF0080C6DB /* Release */,
			);
			defaultConfigurationIsVisible = 0;
			defaultConfigurationName = Release;
		};
		EF58537F1F4D8CBF0080C6DB /* Build configuration list for PBXNativeTarget "JHInterviewUITests" */ = {
			isa = XCConfigurationList;
			buildConfigurations = (
				EF5853801F4D8CBF0080C6DB /* Debug */,
				EF5853811F4D8CBF0080C6DB /* Release */,
			);
			defaultConfigurationIsVisible = 0;
			defaultConfigurationName = Release;
		};
/* End XCConfigurationList section */
	};
	rootObject = EF5853441F4D8CBF0080C6DB /* Project object */;
}
